
Microsoft Visual Studio Solution File, Format Version 12.00
# Visual Studio Version 16
VisualStudioVersion = 16.0.30804.86
MinimumVisualStudioVersion = 10.0.40219.1
Project("{E24C65DC-7377-472B-9ABA-BC803B73C61A}") = "xo game", "..\..\..\Desktop\xo game\", "{B51CFB89-C145-4CEF-A872-DAB54C896066}"
	ProjectSection(WebsiteProperties) = preProject
		TargetFrameworkMoniker = ".NETFramework,Version%3Dv4.0"
		Debug.AspNetCompiler.VirtualPath = "/localhost_52248"
		Debug.AspNetCompiler.PhysicalPath = "..\..\..\Desktop\xo game\"
		Debug.AspNetCompiler.TargetPath = "PrecompiledWeb\localhost_52248\"
		Debug.AspNetCompiler.Updateable = "true"
		Debug.AspNetCompiler.ForceOverwrite = "true"
		Debug.AspNetCompiler.FixedNames = "false"
		Debug.AspNetCompiler.Debug = "True"
		Release.AspNetCompiler.VirtualPath = "/localhost_52248"
		Release.AspNetCompiler.PhysicalPath = "..\..\..\Desktop\xo game\"
		Release.AspNetCompiler.TargetPath = "PrecompiledWeb\localhost_52248\"
		Release.AspNetCompiler.Updateable = "true"
		Release.AspNetCompiler.ForceOverwrite = "true"
		Release.AspNetCompiler.FixedNames = "false"
		Release.AspNetCompiler.Debug = "False"
		VWDPort = "52248"
	EndProjectSection
EndProject
Global
	GlobalSection(SolutionConfigurationPlatforms) = preSolution
		Debug|Any CPU = Debug|Any CPU
	EndGlobalSection
	GlobalSection(ProjectConfigurationPlatforms) = postSolution
		{B51CFB89-C145-4CEF-A872-DAB54C896066}.Debug|Any CPU.ActiveCfg = Debug|Any CPU
		{B51CFB89-C145-4CEF-A872-DAB54C896066}.Debug|Any CPU.Build.0 = Debug|Any CPU
	EndGlobalSection
	GlobalSection(SolutionProperties) = preSolution
		HideSolutionNode = FALSE
	EndGlobalSection
	GlobalSection(ExtensibilityGlobals) = postSolution
		SolutionGuid = {666AC29B-ABC8-46A7-BC31-4B3E2463CF6C}
	EndGlobalSection
EndGlobal
